
Microsoft Visual Studio Solution File, Format Version 12.00
# Visual Studio Version 16
VisualStudioVersion = 16.0.30621.155
MinimumVisualStudioVersion = 10.0.40219.1
Project("{8BC9CEB8-8B4A-11D0-8D11-00A0C91BC942}") = "UniqueWords", "UniqueWords\UniqueWords.vcxproj", "{D8D9623B-4C62-4484-92F9-C009B74E3C0B}"
EndProject
Global
	GlobalSection(SolutionConfigurationPlatforms) = preSolution
		Debug|x64 = Debug|x64
		Debug|x86 = Debug|x86
		Release|x64 = Release|x64
		Release|x86 = Release|x86
	EndGlobalSection
	GlobalSection(ProjectConfigurationPlatforms) = postSolution
		{D8D9623B-4C62-4484-92F9-C009B74E3C0B}.Debug|x64.ActiveCfg = Debug|x64
		{D8D9623B-4C62-4484-92F9-C009B74E3C0B}.Debug|x64.Build.0 = Debug|x64
		{D8D9623B-4C62-4484-92F9-C009B74E3C0B}.Debug|x86.ActiveCfg = Debug|Win32
		{D8D9623B-4C62-4484-92F9-C009B74E3C0B}.Debug|x86.Build.0 = Debug|Win32
		{D8D9623B-4C62-4484-92F9-C009B74E3C0B}.Release|x64.ActiveCfg = Release|x64
		{D8D9623B-4C62-4484-92F9-C009B74E3C0B}.Release|x64.Build.0 = Release|x64
		{D8D9623B-4C62-4484-92F9-C009B74E3C0B}.Release|x86.ActiveCfg = Release|Win32
		{D8D9623B-4C62-4484-92F9-C009B74E3C0B}.Release|x86.Build.0 = Release|Win32
	EndGlobalSection
	GlobalSection(SolutionProperties) = preSolution
		HideSolutionNode = FALSE
	EndGlobalSection
	GlobalSection(ExtensibilityGlobals) = postSolution
		SolutionGuid = {0F8F22EB-DC71-4CAC-872A-5A22FF4F877D}
	EndGlobalSection
EndGlobal
