
Microsoft Visual Studio Solution File, Format Version 12.00
# Visual Studio Version 16
VisualStudioVersion = 16.0.30011.22
MinimumVisualStudioVersion = 10.0.40219.1
Project("{8BC9CEB8-8B4A-11D0-8D11-00A0C91BC942}") = "Customer Accounts and Search Function", "Customer Accounts and Search Function\Customer Accounts and Search Function.vcxproj", "{55D93A7A-A10B-4B45-924A-C9119C229DA6}"
EndProject
Global
	GlobalSection(SolutionConfigurationPlatforms) = preSolution
		Debug|x64 = Debug|x64
		Debug|x86 = Debug|x86
		Release|x64 = Release|x64
		Release|x86 = Release|x86
	EndGlobalSection
	GlobalSection(ProjectConfigurationPlatforms) = postSolution
		{55D93A7A-A10B-4B45-924A-C9119C229DA6}.Debug|x64.ActiveCfg = Debug|x64
		{55D93A7A-A10B-4B45-924A-C9119C229DA6}.Debug|x64.Build.0 = Debug|x64
		{55D93A7A-A10B-4B45-924A-C9119C229DA6}.Debug|x86.ActiveCfg = Debug|Win32
		{55D93A7A-A10B-4B45-924A-C9119C229DA6}.Debug|x86.Build.0 = Debug|Win32
		{55D93A7A-A10B-4B45-924A-C9119C229DA6}.Release|x64.ActiveCfg = Release|x64
		{55D93A7A-A10B-4B45-924A-C9119C229DA6}.Release|x64.Build.0 = Release|x64
		{55D93A7A-A10B-4B45-924A-C9119C229DA6}.Release|x86.ActiveCfg = Release|Win32
		{55D93A7A-A10B-4B45-924A-C9119C229DA6}.Release|x86.Build.0 = Release|Win32
	EndGlobalSection
	GlobalSection(SolutionProperties) = preSolution
		HideSolutionNode = FALSE
	EndGlobalSection
	GlobalSection(ExtensibilityGlobals) = postSolution
		SolutionGuid = {706FFF09-DEA4-42E9-ACC8-BE100D26AFA8}
	EndGlobalSection
EndGlobal
